PODS:
  - Mixpanel (3.4.5)
  - OneSignal (2.10.0)
  - QBImagePickerController (3.4.0)
  - React (0.59.2):
    - React/Core (= 0.59.2)
  - react-native-onesignal (3.2.13):
    - OneSignal (= 2.10.0)
    - React
  - react-native-webview (5.5.0):
    - React
  - React/Core (0.59.2):
    - yoga (= 0.59.2.React)
  - React/fishhook (0.59.2)
  - React/RCTActionSheet (0.59.2):
    - React/Core
  - React/RCTAnimation (0.59.2):
    - React/Core
  - React/RCTBlob (0.59.2):
    - React/Core
  - React/RCTGeolocation (0.59.2):
    - React/Core
  - React/RCTImage (0.59.2):
    - React/Core
    - React/RCTNetwork
  - React/RCTLinkingIOS (0.59.2):
    - React/Core
  - React/RCTNetwork (0.59.2):
    - React/Core
  - React/RCTSettings (0.59.2):
    - React/Core
  - React/RCTText (0.59.2):
    - React/Core
  - React/RCTVibration (0.59.2):
    - React/Core
  - React/RCTWebSocket (0.59.2):
    - React/Core
    - React/fishhook
    - React/RCTBlob
  - RNImageCropPicker (0.23.1):
    - QBImagePickerController
    - React/Core
    - RSKImageCropper
  - RSKImageCropper (2.2.1)
  - yoga (0.59.2.React)

DEPENDENCIES:
  - Mixpanel
  - react-native-onesignal (from `../node_modules/react-native-onesignal/react-native-onesignal.podspec`)
  - react-native-webview (from `../node_modules/react-native-webview`)
  - React/Core (from `../node_modules/react-native`)
  - React/RCTActionSheet (from `../node_modules/react-native`)
  - React/RCTAnimation (from `../node_modules/react-native`)
  - React/RCTGeolocation (from `../node_modules/react-native`)
  - React/RCTImage (from `../node_modules/react-native`)
  - React/RCTLinkingIOS (from `../node_modules/react-native`)
  - React/RCTNetwork (from `../node_modules/react-native`)
  - React/RCTSettings (from `../node_modules/react-native`)
  - React/RCTText (from `../node_modules/react-native`)
  - React/RCTVibration (from `../node_modules/react-native`)
  - React/RCTWebSocket (from `../node_modules/react-native`)
  - RNImageCropPicker (from `../node_modules/react-native-image-crop-picker`)
  - yoga (from `../node_modules/react-native/ReactCommon/yoga/yoga.podspec`)

SPEC REPOS:
  https://github.com/cocoapods/specs.git:
    - Mixpanel
    - OneSignal
    - QBImagePickerController
    - RSKImageCropper

EXTERNAL SOURCES:
  React:
    :path: "../node_modules/react-native"
  react-native-onesignal:
    :path: "../node_modules/react-native-onesignal/react-native-onesignal.podspec"
  react-native-webview:
    :path: "../node_modules/react-native-webview"
  RNImageCropPicker:
    :path: "../node_modules/react-native-image-crop-picker"
  yoga:
    :path: "../node_modules/react-native/ReactCommon/yoga/yoga.podspec"

SPEC CHECKSUMS:
  Mixpanel: 85c865c57456de42f66d7c29cd1b060b41ebe279
  OneSignal: 0f5ff711d9f25da54885e4ab06ef0abc221a46ef
  QBImagePickerController: d54cf93db6decf26baf6ed3472f336ef35cae022
  React: 9d063e2f356c8cd2f54dd550d4507740037cbabe
  react-native-onesignal: 3982518d4e2d162c898790f954003a0f7bb87e11
  react-native-webview: 964a008a311579f56d26cdb956d1860ad3d5ccfe
  RNImageCropPicker: a4c8db5757926bda8b04ba6796cc2a21cc6fd783
  RSKImageCropper: 98296ad26b41753f796b6898d015509598f13d97
  yoga: 3768a3026ade0fb46a68f3a31a917cf86bc34fc4

PODFILE CHECKSUM: 25609b9bfd716a8bd47ebb76b10d657db5430333

COCOAPODS: 1.6.1
